// !$*UTF8*$!
{
	archiveVersion = 1;
	classes = {
	};
	objectVersion = 50;
	objects = {

/* Begin PBXBuildFile section */
		A92080882212608F008C88E5 /* AppDelegate.swift in Sources */ = {isa = PBXBuildFile; fileRef = A92080872212608F008C88E5 /* AppDelegate.swift */; };
		A920808A2212608F008C88E5 /* art.scnassets in Resources */ = {isa = PBXBuildFile; fileRef = A92080892212608F008C88E5 /* art.scnassets */; };
		A920808C2212608F008C88E5 /* ViewController.swift in Sources */ = {isa = PBXBuildFile; fileRef = A920808B2212608F008C88E5 /* ViewController.swift */; };
		A920808F2212608F008C88E5 /* Main.storyboard in Resources */ = {isa = PBXBuildFile; fileRef = A920808D2212608F008C88E5 /* Main.storyboard */; };
		A920809122126090008C88E5 /* Assets.xcassets in Resources */ = {isa = PBXBuildFile; fileRef = A920809022126090008C88E5 /* Assets.xcassets */; };
		A920809422126090008C88E5 /* LaunchScreen.storyboard in Resources */ = {isa = PBXBuildFile; fileRef = A920809222126090008C88E5 /* LaunchScreen.storyboard */; };
		A920809F22126090008C88E5 /* HelloWorldTests.swift in Sources */ = {isa = PBXBuildFile; fileRef = A920809E22126090008C88E5 /* HelloWorldTests.swift */; };
		A92080AA22126090008C88E5 /* HelloWorldUITests.swift in Sources */ = {isa = PBXBuildFile; fileRef = A92080A922126090008C88E5 /* HelloWorldUITests.swift */; };
		A92080BA221268BC008C88E5 /* WorldTrackingController.swift in Sources */ = {isa = PBXBuildFile; fileRef = A92080B9221268BC008C88E5 /* WorldTrackingController.swift */; };
		A92080BC221268CF008C88E5 /* FaceTrackingController.swift in Sources */ = {isa = PBXBuildFile; fileRef = A92080BB221268CF008C88E5 /* FaceTrackingController.swift */; };
		A92080BE221268DF008C88E5 /* ImageTrackingController.swift in Sources */ = {isa = PBXBuildFile; fileRef = A92080BD221268DF008C88E5 /* ImageTrackingController.swift */; };
		A92080C2221279A2008C88E5 /* IronMan.swift in Sources */ = {isa = PBXBuildFile; fileRef = A92080C1221279A2008C88E5 /* IronMan.swift */; };
		A9EC8C3F2212AB20000B4B4F /* IMG_1368.jpg in Resources */ = {isa = PBXBuildFile; fileRef = A9EC8C3D2212AB20000B4B4F /* IMG_1368.jpg */; };
		A9EC8C402212AB20000B4B4F /* IMG_1369.PNG in Resources */ = {isa = PBXBuildFile; fileRef = A9EC8C3E2212AB20000B4B4F /* IMG_1369.PNG */; };
/* End PBXBuildFile section */

/* Begin PBXContainerItemProxy section */
		A920809B22126090008C88E5 /* PBXContainerItemProxy */ = {
			isa = PBXContainerItemProxy;
			containerPortal = A920807C2212608F008C88E5 /* Project object */;
			proxyType = 1;
			remoteGlobalIDString = A92080832212608F008C88E5;
			remoteInfo = HelloWorld;
		};
		A92080A622126090008C88E5 /* PBXContainerItemProxy */ = {
			isa = PBXContainerItemProxy;
			containerPortal = A920807C2212608F008C88E5 /* Project object */;
			proxyType = 1;
			remoteGlobalIDString = A92080832212608F008C88E5;
			remoteInfo = HelloWorld;
		};
/* End PBXContainerItemProxy section */

/* Begin PBXFileReference section */
		A92080842212608F008C88E5 /* HelloWorld.app */ = {isa = PBXFileReference; explicitFileType = wrapper.application; includeInIndex = 0; path = HelloWorld.app; sourceTree = BUILT_PRODUCTS_DIR; };
		A92080872212608F008C88E5 /* AppDelegate.swift */ = {isa = PBXFileReference; lastKnownFileType = sourcecode.swift; path = AppDelegate.swift; sourceTree = "<group>"; };
		A92080892212608F008C88E5 /* art.scnassets */ = {isa = PBXFileReference; lastKnownFileType = wrapper.scnassets; path = art.scnassets; sourceTree = "<group>"; };
		A920808B2212608F008C88E5 /* ViewController.swift */ = {isa = PBXFileReference; lastKnownFileType = sourcecode.swift; path = ViewController.swift; sourceTree = "<group>"; };
		A920808E2212608F008C88E5 /* Base */ = {isa = PBXFileReference; lastKnownFileType = file.storyboard; name = Base; path = Base.lproj/Main.storyboard; sourceTree = "<group>"; };
		A920809022126090008C88E5 /* Assets.xcassets */ = {isa = PBXFileReference; lastKnownFileType = folder.assetcatalog; path = Assets.xcassets; sourceTree = "<group>"; };
		A920809322126090008C88E5 /* Base */ = {isa = PBXFileReference; lastKnownFileType = file.storyboard; name = Base; path = Base.lproj/LaunchScreen.storyboard; sourceTree = "<group>"; };
		A920809522126090008C88E5 /* Info.plist */ = {isa = PBXFileReference; lastKnownFileType = text.plist.xml; path = Info.plist; sourceTree = "<group>"; };
		A920809A22126090008C88E5 /* HelloWorldTests.xctest */ = {isa = PBXFileReference; explicitFileType = wrapper.cfbundle; includeInIndex = 0; path = HelloWorldTests.xctest; sourceTree = BUILT_PRODUCTS_DIR; };
		A920809E22126090008C88E5 /* HelloWorldTests.swift */ = {isa = PBXFileReference; lastKnownFileType = sourcecode.swift; path = HelloWorldTests.swift; sourceTree = "<group>"; };
		A92080A022126090008C88E5 /* Info.plist */ = {isa = PBXFileReference; lastKnownFileType = text.plist.xml; path = Info.plist; sourceTree = "<group>"; };
		A92080A522126090008C88E5 /* HelloWorldUITests.xctest */ = {isa = PBXFileReference; explicitFileType = wrapper.cfbundle; includeInIndex = 0; path = HelloWorldUITests.xctest; sourceTree = BUILT_PRODUCTS_DIR; };
		A92080A922126090008C88E5 /* HelloWorldUITests.swift */ = {isa = PBXFileReference; lastKnownFileType = sourcecode.swift; path = HelloWorldUITests.swift; sourceTree = "<group>"; };
		A92080AB22126090008C88E5 /* Info.plist */ = {isa = PBXFileReference; lastKnownFileType = text.plist.xml; path = Info.plist; sourceTree = "<group>"; };
		A92080B9221268BC008C88E5 /* WorldTrackingController.swift */ = {isa = PBXFileReference; lastKnownFileType = sourcecode.swift; path = WorldTrackingController.swift; sourceTree = "<group>"; };
		A92080BB221268CF008C88E5 /* FaceTrackingController.swift */ = {isa = PBXFileReference; lastKnownFileType = sourcecode.swift; path = FaceTrackingController.swift; sourceTree = "<group>"; };
		A92080BD221268DF008C88E5 /* ImageTrackingController.swift */ = {isa = PBXFileReference; lastKnownFileType = sourcecode.swift; path = ImageTrackingController.swift; sourceTree = "<group>"; };
		A92080C1221279A2008C88E5 /* IronMan.swift */ = {isa = PBXFileReference; lastKnownFileType = sourcecode.swift; path = IronMan.swift; sourceTree = "<group>"; };
		A9EC8C3D2212AB20000B4B4F /* IMG_1368.jpg */ = {isa = PBXFileReference; lastKnownFileType = image.jpeg; name = IMG_1368.jpg; path = ../../../../Downloads/IMG_1368.jpg; sourceTree = "<group>"; };
		A9EC8C3E2212AB20000B4B4F /* IMG_1369.PNG */ = {isa = PBXFileReference; lastKnownFileType = image.png; name = IMG_1369.PNG; path = ../../../../Downloads/IMG_1369.PNG; sourceTree = "<group>"; };
/* End PBXFileReference section */

/* Begin PBXFrameworksBuildPhase section */
		A92080812212608F008C88E5 /* Frameworks */ = {
			isa = PBXFrameworksBuildPhase;
			buildActionMask = 2147483647;
			files = (
			);
			runOnlyForDeploymentPostprocessing = 0;
		};
		A920809722126090008C88E5 /* Frameworks */ = {
			isa = PBXFrameworksBuildPhase;
			buildActionMask = 2147483647;
			files = (
			);
			runOnlyForDeploymentPostprocessing = 0;
		};
		A92080A222126090008C88E5 /* Frameworks */ = {
			isa = PBXFrameworksBuildPhase;
			buildActionMask = 2147483647;
			files = (
			);
			runOnlyForDeploymentPostprocessing = 0;
		};
/* End PBXFrameworksBuildPhase section */

/* Begin PBXGroup section */
		A920807B2212608F008C88E5 = {
			isa = PBXGroup;
			children = (
				A9EC8C3D2212AB20000B4B4F /* IMG_1368.jpg */,
				A9EC8C3E2212AB20000B4B4F /* IMG_1369.PNG */,
				A92080862212608F008C88E5 /* HelloWorld */,
				A920809D22126090008C88E5 /* HelloWorldTests */,
				A92080A822126090008C88E5 /* HelloWorldUITests */,
				A92080852212608F008C88E5 /* Products */,
			);
			sourceTree = "<group>";
		};
		A92080852212608F008C88E5 /* Products */ = {
			isa = PBXGroup;
			children = (
				A92080842212608F008C88E5 /* HelloWorld.app */,
				A920809A22126090008C88E5 /* HelloWorldTests.xctest */,
				A92080A522126090008C88E5 /* HelloWorldUITests.xctest */,
			);
			name = Products;
			sourceTree = "<group>";
		};
		A92080862212608F008C88E5 /* HelloWorld */ = {
			isa = PBXGroup;
			children = (
				A92080872212608F008C88E5 /* AppDelegate.swift */,
				A92080892212608F008C88E5 /* art.scnassets */,
				A920808B2212608F008C88E5 /* ViewController.swift */,
				A920808D2212608F008C88E5 /* Main.storyboard */,
				A920809022126090008C88E5 /* Assets.xcassets */,
				A920809222126090008C88E5 /* LaunchScreen.storyboard */,
				A920809522126090008C88E5 /* Info.plist */,
				A92080B9221268BC008C88E5 /* WorldTrackingController.swift */,
				A92080BB221268CF008C88E5 /* FaceTrackingController.swift */,
				A92080BD221268DF008C88E5 /* ImageTrackingController.swift */,
				A92080C1221279A2008C88E5 /* IronMan.swift */,
			);
			path = HelloWorld;
			sourceTree = "<group>";
		};
		A920809D22126090008C88E5 /* HelloWorldTests */ = {
			isa = PBXGroup;
			children = (
				A920809E22126090008C88E5 /* HelloWorldTests.swift */,
				A92080A022126090008C88E5 /* Info.plist */,
			);
			path = HelloWorldTests;
			sourceTree = "<group>";
		};
		A92080A822126090008C88E5 /* HelloWorldUITests */ = {
			isa = PBXGroup;
			children = (
				A92080A922126090008C88E5 /* HelloWorldUITests.swift */,
				A92080AB22126090008C88E5 /* Info.plist */,
			);
			path = HelloWorldUITests;
			sourceTree = "<group>";
		};
/* End PBXGroup section */

/* Begin PBXNativeTarget section */
		A92080832212608F008C88E5 /* HelloWorld */ = {
			isa = PBXNativeTarget;
			buildConfigurationList = A92080AE22126090008C88E5 /* Build configuration list for PBXNativeTarget "HelloWorld" */;
			buildPhases = (
				A92080802212608F008C88E5 /* Sources */,
				A92080812212608F008C88E5 /* Frameworks */,
				A92080822212608F008C88E5 /* Resources */,
			);
			buildRules = (
			);
			dependencies = (
			);
			name = HelloWorld;
			productName = HelloWorld;
			productReference = A92080842212608F008C88E5 /* HelloWorld.app */;
			productType = "com.apple.product-type.application";
		};
		A920809922126090008C88E5 /* HelloWorldTests */ = {
			isa = PBXNativeTarget;
			buildConfigurationList = A92080B122126090008C88E5 /* Build configuration list for PBXNativeTarget "HelloWorldTests" */;
			buildPhases = (
				A920809622126090008C88E5 /* Sources */,
				A920809722126090008C88E5 /* Frameworks */,
				A920809822126090008C88E5 /* Resources */,
			);
			buildRules = (
			);
			dependencies = (
				A920809C22126090008C88E5 /* PBXTargetDependency */,
			);
			name = HelloWorldTests;
			productName = HelloWorldTests;
			productReference = A920809A22126090008C88E5 /* HelloWorldTests.xctest */;
			productType = "com.apple.product-type.bundle.unit-test";
		};
		A92080A422126090008C88E5 /* HelloWorldUITests */ = {
			isa = PBXNativeTarget;
			buildConfigurationList = A92080B422126090008C88E5 /* Build configuration list for PBXNativeTarget "HelloWorldUITests" */;
			buildPhases = (
				A92080A122126090008C88E5 /* Sources */,
				A92080A222126090008C88E5 /* Frameworks */,
				A92080A322126090008C88E5 /* Resources */,
			);
			buildRules = (
			);
			dependencies = (
				A92080A722126090008C88E5 /* PBXTargetDependency */,
			);
			name = HelloWorldUITests;
			productName = HelloWorldUITests;
			productReference = A92080A522126090008C88E5 /* HelloWorldUITests.xctest */;
			productType = "com.apple.product-type.bundle.ui-testing";
		};
/* End PBXNativeTarget section */

/* Begin PBXProject section */
		A920807C2212608F008C88E5 /* Project object */ = {
			isa = PBXProject;
			attributes = {
				LastSwiftUpdateCheck = 1010;
				LastUpgradeCheck = 1010;
				ORGANIZATIONNAME = "陈中杰";
				TargetAttributes = {
					A92080832212608F008C88E5 = {
						CreatedOnToolsVersion = 10.1;
					};
					A920809922126090008C88E5 = {
						CreatedOnToolsVersion = 10.1;
						TestTargetID = A92080832212608F008C88E5;
					};
					A92080A422126090008C88E5 = {
						CreatedOnToolsVersion = 10.1;
						TestTargetID = A92080832212608F008C88E5;
					};
				};
			};
			buildConfigurationList = A920807F2212608F008C88E5 /* Build configuration list for PBXProject "HelloWorld" */;
			compatibilityVersion = "Xcode 9.3";
			developmentRegion = en;
			hasScannedForEncodings = 0;
			knownRegions = (
				en,
				Base,
			);
			mainGroup = A920807B2212608F008C88E5;
			productRefGroup = A92080852212608F008C88E5 /* Products */;
			projectDirPath = "";
			projectRoot = "";
			targets = (
				A92080832212608F008C88E5 /* HelloWorld */,
				A920809922126090008C88E5 /* HelloWorldTests */,
				A92080A422126090008C88E5 /* HelloWorldUITests */,
			);
		};
/* End PBXProject section */

/* Begin PBXResourcesBuildPhase section */
		A92080822212608F008C88E5 /* Resources */ = {
			isa = PBXResourcesBuildPhase;
			buildActionMask = 2147483647;
			files = (
				A920808A2212608F008C88E5 /* art.scnassets in Resources */,
				A9EC8C3F2212AB20000B4B4F /* IMG_1368.jpg in Resources */,
				A920809422126090008C88E5 /* LaunchScreen.storyboard in Resources */,
				A920809122126090008C88E5 /* Assets.xcassets in Resources */,
				A9EC8C402212AB20000B4B4F /* IMG_1369.PNG in Resources */,
				A920808F2212608F008C88E5 /* Main.storyboard in Resources */,
			);
			runOnlyForDeploymentPostprocessing = 0;
		};
		A920809822126090008C88E5 /* Resources */ = {
			isa = PBXResourcesBuildPhase;
			buildActionMask = 2147483647;
			files = (
			);
			runOnlyForDeploymentPostprocessing = 0;
		};
		A92080A322126090008C88E5 /* Resources */ = {
			isa = PBXResourcesBuildPhase;
			buildActionMask = 2147483647;
			files = (
			);
			runOnlyForDeploymentPostprocessing = 0;
		};
/* End PBXResourcesBuildPhase section */

/* Begin PBXSourcesBuildPhase section */
		A92080802212608F008C88E5 /* Sources */ = {
			isa = PBXSourcesBuildPhase;
			buildActionMask = 2147483647;
			files = (
				A92080BA221268BC008C88E5 /* WorldTrackingController.swift in Sources */,
				A92080BC221268CF008C88E5 /* FaceTrackingController.swift in Sources */,
				A92080C2221279A2008C88E5 /* IronMan.swift in Sources */,
				A920808C2212608F008C88E5 /* ViewController.swift in Sources */,
				A92080882212608F008C88E5 /* AppDelegate.swift in Sources */,
				A92080BE221268DF008C88E5 /* ImageTrackingController.swift in Sources */,
			);
			runOnlyForDeploymentPostprocessing = 0;
		};
		A920809622126090008C88E5 /* Sources */ = {
			isa = PBXSourcesBuildPhase;
			buildActionMask = 2147483647;
			files = (
				A920809F22126090008C88E5 /* HelloWorldTests.swift in Sources */,
			);
			runOnlyForDeploymentPostprocessing = 0;
		};
		A92080A122126090008C88E5 /* Sources */ = {
			isa = PBXSourcesBuildPhase;
			buildActionMask = 2147483647;
			files = (
				A92080AA22126090008C88E5 /* HelloWorldUITests.swift in Sources */,
			);
			runOnlyForDeploymentPostprocessing = 0;
		};
/* End PBXSourcesBuildPhase section */

/* Begin PBXTargetDependency section */
		A920809C22126090008C88E5 /* PBXTargetDependency */ = {
			isa = PBXTargetDependency;
			target = A92080832212608F008C88E5 /* HelloWorld */;
			targetProxy = A920809B22126090008C88E5 /* PBXContainerItemProxy */;
		};
		A92080A722126090008C88E5 /* PBXTargetDependency */ = {
			isa = PBXTargetDependency;
			target = A92080832212608F008C88E5 /* HelloWorld */;
			targetProxy = A92080A622126090008C88E5 /* PBXContainerItemProxy */;
		};
/* End PBXTargetDependency section */

/* Begin PBXVariantGroup section */
		A920808D2212608F008C88E5 /* Main.storyboard */ = {
			isa = PBXVariantGroup;
			children = (
				A920808E2212608F008C88E5 /* Base */,
			);
			name = Main.storyboard;
			sourceTree = "<group>";
		};
		A920809222126090008C88E5 /* LaunchScreen.storyboard */ = {
			isa = PBXVariantGroup;
			children = (
				A920809322126090008C88E5 /* Base */,
			);
			name = LaunchScreen.storyboard;
			sourceTree = "<group>";
		};
/* End PBXVariantGroup section */

/* Begin XCBuildConfiguration section */
		A92080AC22126090008C88E5 /* Debug */ = {
			isa = XCBuildConfiguration;
			buildSettings = {
				ALWAYS_SEARCH_USER_PATHS = NO;
				CLANG_ANALYZER_NONNULL = YES;
				CLANG_ANALYZER_NUMBER_OBJECT_CONVERSION = YES_AGGRESSIVE;
				CLANG_CXX_LANGUAGE_STANDARD = "gnu++14";
				CLANG_CXX_LIBRARY = "libc++";
				CLANG_ENABLE_MODULES = YES;
				CLANG_ENABLE_OBJC_ARC = YES;
				CLANG_ENABLE_OBJC_WEAK = YES;
				CLANG_WARN_BLOCK_CAPTURE_AUTORELEASING = YES;
				CLANG_WARN_BOOL_CONVERSION = YES;
				CLANG_WARN_COMMA = YES;
				CLANG_WARN_CONSTANT_CONVERSION = YES;
				CLANG_WARN_DEPRECATED_OBJC_IMPLEMENTATIONS = YES;
				CLANG_WARN_DIRECT_OBJC_ISA_USAGE = YES_ERROR;
				CLANG_WARN_DOCUMENTATION_COMMENTS = YES;
				CLANG_WARN_EMPTY_BODY = YES;
				CLANG_WARN_ENUM_CONVERSION = YES;
				CLANG_WARN_INFINITE_RECURSION = YES;
				CLANG_WARN_INT_CONVERSION = YES;
				CLANG_WARN_NON_LITERAL_NULL_CONVERSION = YES;
				CLANG_WARN_OBJC_IMPLICIT_RETAIN_SELF = YES;
				CLANG_WARN_OBJC_LITERAL_CONVERSION = YES;
				CLANG_WARN_OBJC_ROOT_CLASS = YES_ERROR;
				CLANG_WARN_RANGE_LOOP_ANALYSIS = YES;
				CLANG_WARN_STRICT_PROTOTYPES = YES;
				CLANG_WARN_SUSPICIOUS_MOVE = YES;
				CLANG_WARN_UNGUARDED_AVAILABILITY = YES_AGGRESSIVE;
				CLANG_WARN_UNREACHABLE_CODE = YES;
				CLANG_WARN__DUPLICATE_METHOD_MATCH = YES;
				CODE_SIGN_IDENTITY = "iPhone Developer";
				COPY_PHASE_STRIP = NO;
				DEBUG_INFORMATION_FORMAT = dwarf;
				ENABLE_STRICT_OBJC_MSGSEND = YES;
				ENABLE_TESTABILITY = YES;
				GCC_C_LANGUAGE_STANDARD = gnu11;
				GCC_DYNAMIC_NO_PIC = NO;
				GCC_NO_COMMON_BLOCKS = YES;
				GCC_OPTIMIZATION_LEVEL = 0;
				GCC_PREPROCESSOR_DEFINITIONS = (
					"DEBUG=1",
					"$(inherited)",
				);
				GCC_WARN_64_TO_32_BIT_CONVERSION = YES;
				GCC_WARN_ABOUT_RETURN_TYPE = YES_ERROR;
				GCC_WARN_UNDECLARED_SELECTOR = YES;
				GCC_WARN_UNINITIALIZED_AUTOS = YES_AGGRESSIVE;
				GCC_WARN_UNUSED_FUNCTION = YES;
				GCC_WARN_UNUSED_VARIABLE = YES;
				IPHONEOS_DEPLOYMENT_TARGET = 12.1;
				MTL_ENABLE_DEBUG_INFO = INCLUDE_SOURCE;
				MTL_FAST_MATH = YES;
				ONLY_ACTIVE_ARCH = YES;
				SDKROOT = iphoneos;
				SWIFT_ACTIVE_COMPILATION_CONDITIONS = DEBUG;
				SWIFT_OPTIMIZATION_LEVEL = "-Onone";
			};
			name = Debug;
		};
		A92080AD22126090008C88E5 /* Release */ = {
			isa = XCBuildConfiguration;
			buildSettings = {
				ALWAYS_SEARCH_USER_PATHS = NO;
				CLANG_ANALYZER_NONNULL = YES;
				CLANG_ANALYZER_NUMBER_OBJECT_CONVERSION = YES_AGGRESSIVE;
				CLANG_CXX_LANGUAGE_STANDARD = "gnu++14";
				CLANG_CXX_LIBRARY = "libc++";
				CLANG_ENABLE_MODULES = YES;
				CLANG_ENABLE_OBJC_ARC = YES;
				CLANG_ENABLE_OBJC_WEAK = YES;
				CLANG_WARN_BLOCK_CAPTURE_AUTORELEASING = YES;
				CLANG_WARN_BOOL_CONVERSION = YES;
				CLANG_WARN_COMMA = YES;
				CLANG_WARN_CONSTANT_CONVERSION = YES;
				CLANG_WARN_DEPRECATED_OBJC_IMPLEMENTATIONS = YES;
				CLANG_WARN_DIRECT_OBJC_ISA_USAGE = YES_ERROR;
				CLANG_WARN_DOCUMENTATION_COMMENTS = YES;
				CLANG_WARN_EMPTY_BODY = YES;
				CLANG_WARN_ENUM_CONVERSION = YES;
				CLANG_WARN_INFINITE_RECURSION = YES;
				CLANG_WARN_INT_CONVERSION = YES;
				CLANG_WARN_NON_LITERAL_NULL_CONVERSION = YES;
				CLANG_WARN_OBJC_IMPLICIT_RETAIN_SELF = YES;
				CLANG_WARN_OBJC_LITERAL_CONVERSION = YES;
				CLANG_WARN_OBJC_ROOT_CLASS = YES_ERROR;
				CLANG_WARN_RANGE_LOOP_ANALYSIS = YES;
				CLANG_WARN_STRICT_PROTOTYPES = YES;
				CLANG_WARN_SUSPICIOUS_MOVE = YES;
				CLANG_WARN_UNGUARDED_AVAILABILITY = YES_AGGRESSIVE;
				CLANG_WARN_UNREACHABLE_CODE = YES;
				CLANG_WARN__DUPLICATE_METHOD_MATCH = YES;
				CODE_SIGN_IDENTITY = "iPhone Developer";
				COPY_PHASE_STRIP = NO;
				DEBUG_INFORMATION_FORMAT = "dwarf-with-dsym";
				ENABLE_NS_ASSERTIONS = NO;
				ENABLE_STRICT_OBJC_MSGSEND = YES;
				GCC_C_LANGUAGE_STANDARD = gnu11;
				GCC_NO_COMMON_BLOCKS = YES;
				GCC_WARN_64_TO_32_BIT_CONVERSION = YES;
				GCC_WARN_ABOUT_RETURN_TYPE = YES_ERROR;
				GCC_WARN_UNDECLARED_SELECTOR = YES;
				GCC_WARN_UNINITIALIZED_AUTOS = YES_AGGRESSIVE;
				GCC_WARN_UNUSED_FUNCTION = YES;
				GCC_WARN_UNUSED_VARIABLE = YES;
				IPHONEOS_DEPLOYMENT_TARGET = 12.1;
				MTL_ENABLE_DEBUG_INFO = NO;
				MTL_FAST_MATH = YES;
				SDKROOT = iphoneos;
				SWIFT_COMPILATION_MODE = wholemodule;
				SWIFT_OPTIMIZATION_LEVEL = "-O";
				VALIDATE_PRODUCT = YES;
			};
			name = Release;
		};
		A92080AF22126090008C88E5 /* Debug */ = {
			isa = XCBuildConfiguration;
			buildSettings = {
				ASSETCATALOG_COMPILER_APPICON_NAME = AppIcon;
				CODE_SIGN_STYLE = Automatic;
				DEVELOPMENT_TEAM = 595MHN3M3P;
				INFOPLIST_FILE = HelloWorld/Info.plist;
				LD_RUNPATH_SEARCH_PATHS = (
					"$(inherited)",
					"@executable_path/Frameworks",
				);
				PRODUCT_BUNDLE_IDENTIFIER = CZJAR.HelloWorld;
				PRODUCT_NAME = "$(TARGET_NAME)";
				SWIFT_VERSION = 4.2;
				TARGETED_DEVICE_FAMILY = "1,2";
			};
			name = Debug;
		};
		A92080B022126090008C88E5 /* Release */ = {
			isa = XCBuildConfiguration;
			buildSettings = {
				ASSETCATALOG_COMPILER_APPICON_NAME = AppIcon;
				CODE_SIGN_STYLE = Automatic;
				DEVELOPMENT_TEAM = 595MHN3M3P;
				INFOPLIST_FILE = HelloWorld/Info.plist;
				LD_RUNPATH_SEARCH_PATHS = (
					"$(inherited)",
					"@executable_path/Frameworks",
				);
				PRODUCT_BUNDLE_IDENTIFIER = CZJAR.HelloWorld;
				PRODUCT_NAME = "$(TARGET_NAME)";
				SWIFT_VERSION = 4.2;
				TARGETED_DEVICE_FAMILY = "1,2";
			};
			name = Release;
		};
		A92080B222126090008C88E5 /* Debug */ = {
			isa = XCBuildConfiguration;
			buildSettings = {
				ALWAYS_EMBED_SWIFT_STANDARD_LIBRARIES = YES;
				BUNDLE_LOADER = "$(TEST_HOST)";
				CODE_SIGN_STYLE = Automatic;
				DEVELOPMENT_TEAM = 595MHN3M3P;
				INFOPLIST_FILE = HelloWorldTests/Info.plist;
				LD_RUNPATH_SEARCH_PATHS = (
					"$(inherited)",
					"@executable_path/Frameworks",
					"@loader_path/Frameworks",
				);
				PRODUCT_BUNDLE_IDENTIFIER = CZJAR.HelloWorldTests;
				PRODUCT_NAME = "$(TARGET_NAME)";
				SWIFT_VERSION = 4.2;
				TARGETED_DEVICE_FAMILY = "1,2";
				TEST_HOST = "$(BUILT_PRODUCTS_DIR)/HelloWorld.app/HelloWorld";
			};
			name = Debug;
		};
		A92080B322126090008C88E5 /* Release */ = {
			isa = XCBuildConfiguration;
			buildSettings = {
				ALWAYS_EMBED_SWIFT_STANDARD_LIBRARIES = YES;
				BUNDLE_LOADER = "$(TEST_HOST)";
				CODE_SIGN_STYLE = Automatic;
				DEVELOPMENT_TEAM = 595MHN3M3P;
				INFOPLIST_FILE = HelloWorldTests/Info.plist;
				LD_RUNPATH_SEARCH_PATHS = (
					"$(inherited)",
					"@executable_path/Frameworks",
					"@loader_path/Frameworks",
				);
				PRODUCT_BUNDLE_IDENTIFIER = CZJAR.HelloWorldTests;
				PRODUCT_NAME = "$(TARGET_NAME)";
				SWIFT_VERSION = 4.2;
				TARGETED_DEVICE_FAMILY = "1,2";
				TEST_HOST = "$(BUILT_PRODUCTS_DIR)/HelloWorld.app/HelloWorld";
			};
			name = Release;
		};
		A92080B522126090008C88E5 /* Debug */ = {
			isa = XCBuildConfiguration;
			buildSettings = {
				ALWAYS_EMBED_SWIFT_STANDARD_LIBRARIES = YES;
				CODE_SIGN_STYLE = Automatic;
				DEVELOPMENT_TEAM = 595MHN3M3P;
				INFOPLIST_FILE = HelloWorldUITests/Info.plist;
				LD_RUNPATH_SEARCH_PATHS = (
					"$(inherited)",
					"@executable_path/Frameworks",
					"@loader_path/Frameworks",
				);
				PRODUCT_BUNDLE_IDENTIFIER = CZJAR.HelloWorldUITests;
				PRODUCT_NAME = "$(TARGET_NAME)";
				SWIFT_VERSION = 4.2;
				TARGETED_DEVICE_FAMILY = "1,2";
				TEST_TARGET_NAME = HelloWorld;
			};
			name = Debug;
		};
		A92080B622126090008C88E5 /* Release */ = {
			isa = XCBuildConfiguration;
			buildSettings = {
				ALWAYS_EMBED_SWIFT_STANDARD_LIBRARIES = YES;
				CODE_SIGN_STYLE = Automatic;
				DEVELOPMENT_TEAM = 595MHN3M3P;
				INFOPLIST_FILE = HelloWorldUITests/Info.plist;
				LD_RUNPATH_SEARCH_PATHS = (
					"$(inherited)",
					"@executable_path/Frameworks",
					"@loader_path/Frameworks",
				);
				PRODUCT_BUNDLE_IDENTIFIER = CZJAR.HelloWorldUITests;
				PRODUCT_NAME = "$(TARGET_NAME)";
				SWIFT_VERSION = 4.2;
				TARGETED_DEVICE_FAMILY = "1,2";
				TEST_TARGET_NAME = HelloWorld;
			};
			name = Release;
		};
/* End XCBuildConfiguration section */

/* Begin XCConfigurationList section */
		A920807F2212608F008C88E5 /* Build configuration list for PBXProject "HelloWorld" */ = {
			isa = XCConfigurationList;
			buildConfigurations = (
				A92080AC22126090008C88E5 /* Debug */,
				A92080AD22126090008C88E5 /* Release */,
			);
			defaultConfigurationIsVisible = 0;
			defaultConfigurationName = Release;
		};
		A92080AE22126090008C88E5 /* Build configuration list for PBXNativeTarget "HelloWorld" */ = {
			isa = XCConfigurationList;
			buildConfigurations = (
				A92080AF22126090008C88E5 /* Debug */,
				A92080B022126090008C88E5 /* Release */,
			);
			defaultConfigurationIsVisible = 0;
			defaultConfigurationName = Release;
		};
		A92080B122126090008C88E5 /* Build configuration list for PBXNativeTarget "HelloWorldTests" */ = {
			isa = XCConfigurationList;
			buildConfigurations = (
				A92080B222126090008C88E5 /* Debug */,
				A92080B322126090008C88E5 /* Release */,
			);
			defaultConfigurationIsVisible = 0;
			defaultConfigurationName = Release;
		};
		A92080B422126090008C88E5 /* Build configuration list for PBXNativeTarget "HelloWorldUITests" */ = {
			isa = XCConfigurationList;
			buildConfigurations = (
				A92080B522126090008C88E5 /* Debug */,
				A92080B622126090008C88E5 /* Release */,
			);
			defaultConfigurationIsVisible = 0;
			defaultConfigurationName = Release;
		};
/* End XCConfigurationList section */
	};
	rootObject = A920807C2212608F008C88E5 /* Project object */;
}
